
Microsoft Visual Studio Solution File, Format Version 12.00
# Visual Studio Version 17
VisualStudioVersion = 17.4.33213.308
MinimumVisualStudioVersion = 10.0.40219.1
Project("{FAE04EC0-301F-11D3-BF4B-00C04F79EFBC}") = "TaskExample", "TaskExample.csproj", "{44B43D9A-54CD-434A-84CC-DAE9434A5605}"
EndProject
Global
	GlobalSection(SolutionConfigurationPlatforms) = preSolution
		Debug|Any CPU = Debug|Any CPU
		Release|Any CPU = Release|Any CPU
	EndGlobalSection
	GlobalSection(ProjectConfigurationPlatforms) = postSolution
		{44B43D9A-54CD-434A-84CC-DAE9434A5605}.Debug|Any CPU.ActiveCfg = Debug|Any CPU
		{44B43D9A-54CD-434A-84CC-DAE9434A5605}.Debug|Any CPU.Build.0 = Debug|Any CPU
		{44B43D9A-54CD-434A-84CC-DAE9434A5605}.Release|Any CPU.ActiveCfg = Release|Any CPU
		{44B43D9A-54CD-434A-84CC-DAE9434A5605}.Release|Any CPU.Build.0 = Release|Any CPU
	EndGlobalSection
	GlobalSection(SolutionProperties) = preSolution
		HideSolutionNode = FALSE
	EndGlobalSection
	GlobalSection(ExtensibilityGlobals) = postSolution
		SolutionGuid = {080BFEFA-30EE-4E75-A8E8-4C2AA77CB732}
	EndGlobalSection
EndGlobal
